// !$*UTF8*$!
{
	archiveVersion = 1;
	classes = {
	};
	objectVersion = 46;
	objects = {

/* Begin PBXBuildFile section */
		F6BDEC261EA862B800A1C62C /* AppDelegate.swift in Sources */ = {isa = PBXBuildFile; fileRef = F6BDEC251EA862B800A1C62C /* AppDelegate.swift */; };
		F6BDEC281EA862B800A1C62C /* ViewController.swift in Sources */ = {isa = PBXBuildFile; fileRef = F6BDEC271EA862B800A1C62C /* ViewController.swift */; };
		F6BDEC2B1EA862B800A1C62C /* Main.storyboard in Resources */ = {isa = PBXBuildFile; fileRef = F6BDEC291EA862B800A1C62C /* Main.storyboard */; };
		F6BDEC2E1EA862B800A1C62C /* onTrack.xcdatamodeld in Sources */ = {isa = PBXBuildFile; fileRef = F6BDEC2C1EA862B800A1C62C /* onTrack.xcdatamodeld */; };
		F6BDEC301EA862B800A1C62C /* Assets.xcassets in Resources */ = {isa = PBXBuildFile; fileRef = F6BDEC2F1EA862B800A1C62C /* Assets.xcassets */; };
		F6BDEC331EA862B800A1C62C /* LaunchScreen.storyboard in Resources */ = {isa = PBXBuildFile; fileRef = F6BDEC311EA862B800A1C62C /* LaunchScreen.storyboard */; };
/* End PBXBuildFile section */

/* Begin PBXFileReference section */
		F6BDEC221EA862B800A1C62C /* onTrack.app */ = {isa = PBXFileReference; explicitFileType = wrapper.application; includeInIndex = 0; path = onTrack.app; sourceTree = BUILT_PRODUCTS_DIR; };
		F6BDEC251EA862B800A1C62C /* AppDelegate.swift */ = {isa = PBXFileReference; lastKnownFileType = sourcecode.swift; path = AppDelegate.swift; sourceTree = "<group>"; };
		F6BDEC271EA862B800A1C62C /* ViewController.swift */ = {isa = PBXFileReference; lastKnownFileType = sourcecode.swift; path = ViewController.swift; sourceTree = "<group>"; };
		F6BDEC2A1EA862B800A1C62C /* Base */ = {isa = PBXFileReference; lastKnownFileType = file.storyboard; name = Base; path = Base.lproj/Main.storyboard; sourceTree = "<group>"; };
		F6BDEC2D1EA862B800A1C62C /* onTrack.xcdatamodel */ = {isa = PBXFileReference; lastKnownFileType = wrapper.xcdatamodel; path = onTrack.xcdatamodel; sourceTree = "<group>"; };
		F6BDEC2F1EA862B800A1C62C /* Assets.xcassets */ = {isa = PBXFileReference; lastKnownFileType = folder.assetcatalog; path = Assets.xcassets; sourceTree = "<group>"; };
		F6BDEC321EA862B800A1C62C /* Base */ = {isa = PBXFileReference; lastKnownFileType = file.storyboard; name = Base; path = Base.lproj/LaunchScreen.storyboard; sourceTree = "<group>"; };
		F6BDEC341EA862B800A1C62C /* Info.plist */ = {isa = PBXFileReference; lastKnownFileType = text.plist.xml; path = Info.plist; sourceTree = "<group>"; };
/* End PBXFileReference section */

/* Begin PBXFrameworksBuildPhase section */
		F6BDEC1F1EA862B800A1C62C /* Frameworks */ = {
			isa = PBXFrameworksBuildPhase;
			buildActionMask = 2147483647;
			files = (
			);
			runOnlyForDeploymentPostprocessing = 0;
		};
/* End PBXFrameworksBuildPhase section */

/* Begin PBXGroup section */
		F6BDEC191EA862B800A1C62C = {
			isa = PBXGroup;
			children = (
				F6BDEC241EA862B800A1C62C /* onTrack */,
				F6BDEC231EA862B800A1C62C /* Products */,
			);
			sourceTree = "<group>";
		};
		F6BDEC231EA862B800A1C62C /* Products */ = {
			isa = PBXGroup;
			children = (
				F6BDEC221EA862B800A1C62C /* onTrack.app */,
			);
			name = Products;
			sourceTree = "<group>";
		};
		F6BDEC241EA862B800A1C62C /* onTrack */ = {
			isa = PBXGroup;
			children = (
				F6BDEC251EA862B800A1C62C /* AppDelegate.swift */,
				F6BDEC271EA862B800A1C62C /* ViewController.swift */,
				F6BDEC291EA862B800A1C62C /* Main.storyboard */,
				F6BDEC2F1EA862B800A1C62C /* Assets.xcassets */,
				F6BDEC311EA862B800A1C62C /* LaunchScreen.storyboard */,
				F6BDEC341EA862B800A1C62C /* Info.plist */,
				F6BDEC2C1EA862B800A1C62C /* onTrack.xcdatamodeld */,
			);
			path = onTrack;
			sourceTree = "<group>";
		};
/* End PBXGroup section */

/* Begin PBXNativeTarget section */
		F6BDEC211EA862B800A1C62C /* onTrack */ = {
			isa = PBXNativeTarget;
			buildConfigurationList = F6BDEC371EA862B800A1C62C /* Build configuration list for PBXNativeTarget "onTrack" */;
			buildPhases = (
				F6BDEC1E1EA862B800A1C62C /* Sources */,
				F6BDEC1F1EA862B800A1C62C /* Frameworks */,
				F6BDEC201EA862B800A1C62C /* Resources */,
			);
			buildRules = (
			);
			dependencies = (
			);
			name = onTrack;
			productName = onTrack;
			productReference = F6BDEC221EA862B800A1C62C /* onTrack.app */;
			productType = "com.apple.product-type.application";
		};
/* End PBXNativeTarget section */

/* Begin PBXProject section */
		F6BDEC1A1EA862B800A1C62C /* Project object */ = {
			isa = PBXProject;
			attributes = {
				LastSwiftUpdateCheck = 0830;
				LastUpgradeCheck = 0830;
				ORGANIZATIONNAME = "Justin Lazarski";
				TargetAttributes = {
					F6BDEC211EA862B800A1C62C = {
						CreatedOnToolsVersion = 8.3.1;
						ProvisioningStyle = Automatic;
					};
				};
			};
			buildConfigurationList = F6BDEC1D1EA862B800A1C62C /* Build configuration list for PBXProject "onTrack" */;
			compatibilityVersion = "Xcode 3.2";
			developmentRegion = English;
			hasScannedForEncodings = 0;
			knownRegions = (
				en,
				Base,
			);
			mainGroup = F6BDEC191EA862B800A1C62C;
			productRefGroup = F6BDEC231EA862B800A1C62C /* Products */;
			projectDirPath = "";
			projectRoot = "";
			targets = (
				F6BDEC211EA862B800A1C62C /* onTrack */,
			);
		};
/* End PBXProject section */

/* Begin PBXResourcesBuildPhase section */
		F6BDEC201EA862B800A1C62C /* Resources */ = {
			isa = PBXResourcesBuildPhase;
			buildActionMask = 2147483647;
			files = (
				F6BDEC331EA862B800A1C62C /* LaunchScreen.storyboard in Resources */,
				F6BDEC301EA862B800A1C62C /* Assets.xcassets in Resources */,
				F6BDEC2B1EA862B800A1C62C /* Main.storyboard in Resources */,
			);
			runOnlyForDeploymentPostprocessing = 0;
		};
/* End PBXResourcesBuildPhase section */

/* Begin PBXSourcesBuildPhase section */
		F6BDEC1E1EA862B800A1C62C /* Sources */ = {
			isa = PBXSourcesBuildPhase;
			buildActionMask = 2147483647;
			files = (
				F6BDEC281EA862B800A1C62C /* ViewController.swift in Sources */,
				F6BDEC2E1EA862B800A1C62C /* onTrack.xcdatamodeld in Sources */,
				F6BDEC261EA862B800A1C62C /* AppDelegate.swift in Sources */,
			);
			runOnlyForDeploymentPostprocessing = 0;
		};
/* End PBXSourcesBuildPhase section */

/* Begin PBXVariantGroup section */
		F6BDEC291EA862B800A1C62C /* Main.storyboard */ = {
			isa = PBXVariantGroup;
			children = (
				F6BDEC2A1EA862B800A1C62C /* Base */,
			);
			name = Main.storyboard;
			sourceTree = "<group>";
		};
		F6BDEC311EA862B800A1C62C /* LaunchScreen.storyboard */ = {
			isa = PBXVariantGroup;
			children = (
				F6BDEC321EA862B800A1C62C /* Base */,
			);
			name = LaunchScreen.storyboard;
			sourceTree = "<group>";
		};
/* End PBXVariantGroup section */

/* Begin XCBuildConfiguration section */
		F6BDEC351EA862B800A1C62C /* Debug */ = {
			isa = XCBuildConfiguration;
			buildSettings = {
				ALWAYS_SEARCH_USER_PATHS = NO;
				CLANG_ANALYZER_NONNULL = YES;
				CLANG_ANALYZER_NUMBER_OBJECT_CONVERSION = YES_AGGRESSIVE;
				CLANG_CXX_LANGUAGE_STANDARD = "gnu++0x";
				CLANG_CXX_LIBRARY = "libc++";
				CLANG_ENABLE_MODULES = YES;
				CLANG_ENABLE_OBJC_ARC = YES;
				CLANG_WARN_BOOL_CONVERSION = YES;
				CLANG_WARN_CONSTANT_CONVERSION = YES;
				CLANG_WARN_DIRECT_OBJC_ISA_USAGE = YES_ERROR;
				CLANG_WARN_DOCUMENTATION_COMMENTS = YES;
				CLANG_WARN_EMPTY_BODY = YES;
				CLANG_WARN_ENUM_CONVERSION = YES;
				CLANG_WARN_INFINITE_RECURSION = YES;
				CLANG_WARN_INT_CONVERSION = YES;
				CLANG_WARN_OBJC_ROOT_CLASS = YES_ERROR;
				CLANG_WARN_SUSPICIOUS_MOVE = YES;
				CLANG_WARN_UNREACHABLE_CODE = YES;
				CLANG_WARN__DUPLICATE_METHOD_MATCH = YES;
				"CODE_SIGN_IDENTITY[sdk=iphoneos*]" = "iPhone Developer";
				COPY_PHASE_STRIP = NO;
				DEBUG_INFORMATION_FORMAT = dwarf;
				ENABLE_STRICT_OBJC_MSGSEND = YES;
				ENABLE_TESTABILITY = YES;
				GCC_C_LANGUAGE_STANDARD = gnu99;
				GCC_DYNAMIC_NO_PIC = NO;
				GCC_NO_COMMON_BLOCKS = YES;
				GCC_OPTIMIZATION_LEVEL = 0;
				GCC_PREPROCESSOR_DEFINITIONS = (
					"DEBUG=1",
					"$(inherited)",
				);
				GCC_WARN_64_TO_32_BIT_CONVERSION = YES;
				GCC_WARN_ABOUT_RETURN_TYPE = YES_ERROR;
				GCC_WARN_UNDECLARED_SELECTOR = YES;
				GCC_WARN_UNINITIALIZED_AUTOS = YES_AGGRESSIVE;
				GCC_WARN_UNUSED_FUNCTION = YES;
				GCC_WARN_UNUSED_VARIABLE = YES;
				IPHONEOS_DEPLOYMENT_TARGET = 10.3;
				MTL_ENABLE_DEBUG_INFO = YES;
				ONLY_ACTIVE_ARCH = YES;
				SDKROOT = iphoneos;
				SWIFT_ACTIVE_COMPILATION_CONDITIONS = DEBUG;
				SWIFT_OPTIMIZATION_LEVEL = "-Onone";
				TARGETED_DEVICE_FAMILY = "1,2";
			};
			name = Debug;
		};
		F6BDEC361EA862B800A1C62C /* Release */ = {
			isa = XCBuildConfiguration;
			buildSettings = {
				ALWAYS_SEARCH_USER_PATHS = NO;
				CLANG_ANALYZER_NONNULL = YES;
				CLANG_ANALYZER_NUMBER_OBJECT_CONVERSION = YES_AGGRESSIVE;
				CLANG_CXX_LANGUAGE_STANDARD = "gnu++0x";
				CLANG_CXX_LIBRARY = "libc++";
				CLANG_ENABLE_MODULES = YES;
				CLANG_ENABLE_OBJC_ARC = YES;
				CLANG_WARN_BOOL_CONVERSION = YES;
				CLANG_WARN_CONSTANT_CONVERSION = YES;
				CLANG_WARN_DIRECT_OBJC_ISA_USAGE = YES_ERROR;
				CLANG_WARN_DOCUMENTATION_COMMENTS = YES;
				CLANG_WARN_EMPTY_BODY = YES;
				CLANG_WARN_ENUM_CONVERSION = YES;
				CLANG_WARN_INFINITE_RECURSION = YES;
				CLANG_WARN_INT_CONVERSION = YES;
				CLANG_WARN_OBJC_ROOT_CLASS = YES_ERROR;
				CLANG_WARN_SUSPICIOUS_MOVE = YES;
				CLANG_WARN_UNREACHABLE_CODE = YES;
				CLANG_WARN__DUPLICATE_METHOD_MATCH = YES;
				"CODE_SIGN_IDENTITY[sdk=iphoneos*]" = "iPhone Developer";
				COPY_PHASE_STRIP = NO;
				DEBUG_INFORMATION_FORMAT = "dwarf-with-dsym";
				ENABLE_NS_ASSERTIONS = NO;
				ENABLE_STRICT_OBJC_MSGSEND = YES;
				GCC_C_LANGUAGE_STANDARD = gnu99;
				GCC_NO_COMMON_BLOCKS = YES;
				GCC_WARN_64_TO_32_BIT_CONVERSION = YES;
				GCC_WARN_ABOUT_RETURN_TYPE = YES_ERROR;
				GCC_WARN_UNDECLARED_SELECTOR = YES;
				GCC_WARN_UNINITIALIZED_AUTOS = YES_AGGRESSIVE;
				GCC_WARN_UNUSED_FUNCTION = YES;
				GCC_WARN_UNUSED_VARIABLE = YES;
				IPHONEOS_DEPLOYMENT_TARGET = 10.3;
				MTL_ENABLE_DEBUG_INFO = NO;
				SDKROOT = iphoneos;
				SWIFT_OPTIMIZATION_LEVEL = "-Owholemodule";
				TARGETED_DEVICE_FAMILY = "1,2";
				VALIDATE_PRODUCT = YES;
			};
			name = Release;
		};
		F6BDEC381EA862B800A1C62C /* Debug */ = {
			isa = XCBuildConfiguration;
			buildSettings = {
				ASSETCATALOG_COMPILER_APPICON_NAME = AppIcon;
				INFOPLIST_FILE = onTrack/Info.plist;
				LD_RUNPATH_SEARCH_PATHS = "$(inherited) @executable_path/Frameworks";
				PRODUCT_BUNDLE_IDENTIFIER = JL.onTrack;
				PRODUCT_NAME = "$(TARGET_NAME)";
				SWIFT_VERSION = 3.0;
			};
			name = Debug;
		};
		F6BDEC391EA862B800A1C62C /* Release */ = {
			isa = XCBuildConfiguration;
			buildSettings = {
				ASSETCATALOG_COMPILER_APPICON_NAME = AppIcon;
				INFOPLIST_FILE = onTrack/Info.plist;
				LD_RUNPATH_SEARCH_PATHS = "$(inherited) @executable_path/Frameworks";
				PRODUCT_BUNDLE_IDENTIFIER = JL.onTrack;
				PRODUCT_NAME = "$(TARGET_NAME)";
				SWIFT_VERSION = 3.0;
			};
			name = Release;
		};
/* End XCBuildConfiguration section */

/* Begin XCConfigurationList section */
		F6BDEC1D1EA862B800A1C62C /* Build configuration list for PBXProject "onTrack" */ = {
			isa = XCConfigurationList;
			buildConfigurations = (
				F6BDEC351EA862B800A1C62C /* Debug */,
				F6BDEC361EA862B800A1C62C /* Release */,
			);
			defaultConfigurationIsVisible = 0;
			defaultConfigurationName = Release;
		};
		F6BDEC371EA862B800A1C62C /* Build configuration list for PBXNativeTarget "onTrack" */ = {
			isa = XCConfigurationList;
			buildConfigurations = (
				F6BDEC381EA862B800A1C62C /* Debug */,
				F6BDEC391EA862B800A1C62C /* Release */,
			);
			defaultConfigurationIsVisible = 0;
		};
/* End XCConfigurationList section */

/* Begin XCVersionGroup section */
		F6BDEC2C1EA862B800A1C62C /* onTrack.xcdatamodeld */ = {
			isa = XCVersionGroup;
			children = (
				F6BDEC2D1EA862B800A1C62C /* onTrack.xcdatamodel */,
			);
			currentVersion = F6BDEC2D1EA862B800A1C62C /* onTrack.xcdatamodel */;
			path = onTrack.xcdatamodeld;
			sourceTree = "<group>";
			versionGroupType = wrapper.xcdatamodel;
		};
/* End XCVersionGroup section */
	};
	rootObject = F6BDEC1A1EA862B800A1C62C /* Project object */;
}
